{
  "requires": true,
  "lockfileVersion": 1,
  "dependencies": {
    "angular-star-rating": {
      "version": "4.0.0-beta.3",
      "resolved": "https://registry.npmjs.org/angular-star-rating/-/angular-star-rating-4.0.0-beta.3.tgz",
      "integrity": "sha512-2GAaWvmRjKiQovN5lRvK9u24Ksv2mZupYvwij6ShAKuojxm0VB1d3/O9nBeoID0gmthYK+NXaskrJAW+RmStEg==",
      "requires": {
        "tslib": "^1.7.1"
      }
    },
    "material-icons": {
      "version": "0.3.1",
      "resolved": "https://registry.npmjs.org/material-icons/-/material-icons-0.3.1.tgz",
      "integrity": "sha512-5Hbj76A6xDPcDZEbM4oxTknhWuMwGWnAHVLLPCEq9eVlcHb0fn4koU9ZeyMy1wjARtDEPAHfd5ZdL2Re5hf0zQ=="
    },
    "tslib": {
      "version": "1.13.0",
      "resolved": "https://registry.npmjs.org/tslib/-/tslib-1.13.0.tgz",
      "integrity": "sha512-i/6DQjL8Xf3be4K/E6Wgpekn5Qasl1usyw++dAA35Ue5orEn65VIxOA+YvNNl9HV3qv70T7CNwjODHZrLwvd1Q=="
    }
  }
}
