{
  "requires": true,
  "lockfileVersion": 1,
  "dependencies": {
    "ngx-perfect-scrollbar": {
      "version": "10.0.1",
      "resolved": "https://registry.npmjs.org/ngx-perfect-scrollbar/-/ngx-perfect-scrollbar-10.0.1.tgz",
      "integrity": "sha512-01Li+Cx1OwNQ3WPHeavImS+p1ifK2UEdKly6JkdVw/s7rMxbjXkraOcj7FH+I141lpvxCmNlsWS5iiIA5GAnDg==",
      "requires": {
        "perfect-scrollbar": "1.5.0",
        "resize-observer-polyfill": "^1.5.0",
        "tslib": "^2.0.0"
      },
      "dependencies": {
        "tslib": {
          "version": "2.0.1",
          "resolved": "https://registry.npmjs.org/tslib/-/tslib-2.0.1.tgz",
          "integrity": "sha512-SgIkNheinmEBgx1IUNirK0TUD4X9yjjBRTqqjggWCU3pUEqIk3/Uwl3yRixYKT6WjQuGiwDv4NomL3wqRCj+CQ=="
        }
      }
    },
    "perfect-scrollbar": {
      "version": "1.5.0",
      "resolved": "https://registry.npmjs.org/perfect-scrollbar/-/perfect-scrollbar-1.5.0.tgz",
      "integrity": "sha512-NrNHJn5mUGupSiheBTy6x+6SXCFbLlm8fVZh9moIzw/LgqElN5q4ncR4pbCBCYuCJ8Kcl9mYM0NgDxvW+b4LxA=="
    },
    "resize-observer-polyfill": {
      "version": "1.5.1",
      "resolved": "https://registry.npmjs.org/resize-observer-polyfill/-/resize-observer-polyfill-1.5.1.tgz",
      "integrity": "sha512-LwZrotdHOo12nQuZlHEmtuXdqGoOD0OhaxopaNFxWzInpEgaLWoVuAMbTzixuosCx2nEG58ngzW3vxdWoxIgdg=="
    },
    "tslib": {
      "version": "1.13.0",
      "resolved": "https://registry.npmjs.org/tslib/-/tslib-1.13.0.tgz",
      "integrity": "sha512-i/6DQjL8Xf3be4K/E6Wgpekn5Qasl1usyw++dAA35Ue5orEn65VIxOA+YvNNl9HV3qv70T7CNwjODHZrLwvd1Q=="
    }
  }
}
